// !$*UTF8*$!
{
	archiveVersion = 1;
	classes = {
	};
	objectVersion = 46;
	objects = {

/* Begin PBXBuildFile section */
		1DC582971A11D73100FF27FC /* AppDelegate.m in Sources */ = {isa = PBXBuildFile; fileRef = 1DC582961A11D73100FF27FC /* AppDelegate.m */; };
		1DC582991A11D73100FF27FC /* main.m in Sources */ = {isa = PBXBuildFile; fileRef = 1DC582981A11D73100FF27FC /* main.m */; };
		1DC5829B1A11D73100FF27FC /* Images.xcassets in Resources */ = {isa = PBXBuildFile; fileRef = 1DC5829A1A11D73100FF27FC /* Images.xcassets */; };
		1DC5829E1A11D73100FF27FC /* MainMenu.xib in Resources */ = {isa = PBXBuildFile; fileRef = 1DC5829C1A11D73100FF27FC /* MainMenu.xib */; };
/* End PBXBuildFile section */

/* Begin PBXFileReference section */
		1DC582901A11D73100FF27FC /* Lesson 3.app */ = {isa = PBXFileReference; explicitFileType = wrapper.application; includeInIndex = 0; path = "Lesson 3.app"; sourceTree = BUILT_PRODUCTS_DIR; };
		1DC582941A11D73100FF27FC /* Info.plist */ = {isa = PBXFileReference; lastKnownFileType = text.plist.xml; path = Info.plist; sourceTree = "<group>"; };
		1DC582951A11D73100FF27FC /* AppDelegate.h */ = {isa = PBXFileReference; lastKnownFileType = sourcecode.c.h; path = AppDelegate.h; sourceTree = "<group>"; };
		1DC582961A11D73100FF27FC /* AppDelegate.m */ = {isa = PBXFileReference; lastKnownFileType = sourcecode.c.objc; path = AppDelegate.m; sourceTree = "<group>"; };
		1DC582981A11D73100FF27FC /* main.m */ = {isa = PBXFileReference; lastKnownFileType = sourcecode.c.objc; path = main.m; sourceTree = "<group>"; };
		1DC5829A1A11D73100FF27FC /* Images.xcassets */ = {isa = PBXFileReference; lastKnownFileType = folder.assetcatalog; path = Images.xcassets; sourceTree = "<group>"; };
		1DC5829D1A11D73100FF27FC /* Base */ = {isa = PBXFileReference; lastKnownFileType = file.xib; name = Base; path = Base.lproj/MainMenu.xib; sourceTree = "<group>"; };
/* End PBXFileReference section */

/* Begin PBXFrameworksBuildPhase section */
		1DC5828D1A11D73100FF27FC /* Frameworks */ = {
			isa = PBXFrameworksBuildPhase;
			buildActionMask = 2147483647;
			files = (
			);
			runOnlyForDeploymentPostprocessing = 0;
		};
/* End PBXFrameworksBuildPhase section */

/* Begin PBXGroup section */
		1DC582871A11D73100FF27FC = {
			isa = PBXGroup;
			children = (
				1DC582921A11D73100FF27FC /* Lesson 3 */,
				1DC582911A11D73100FF27FC /* Products */,
			);
			sourceTree = "<group>";
		};
		1DC582911A11D73100FF27FC /* Products */ = {
			isa = PBXGroup;
			children = (
				1DC582901A11D73100FF27FC /* Lesson 3.app */,
			);
			name = Products;
			sourceTree = "<group>";
		};
		1DC582921A11D73100FF27FC /* Lesson 3 */ = {
			isa = PBXGroup;
			children = (
				1DC582951A11D73100FF27FC /* AppDelegate.h */,
				1DC582961A11D73100FF27FC /* AppDelegate.m */,
				1DC5829A1A11D73100FF27FC /* Images.xcassets */,
				1DC5829C1A11D73100FF27FC /* MainMenu.xib */,
				1DC582931A11D73100FF27FC /* Supporting Files */,
			);
			path = "Lesson 3";
			sourceTree = "<group>";
		};
		1DC582931A11D73100FF27FC /* Supporting Files */ = {
			isa = PBXGroup;
			children = (
				1DC582941A11D73100FF27FC /* Info.plist */,
				1DC582981A11D73100FF27FC /* main.m */,
			);
			name = "Supporting Files";
			sourceTree = "<group>";
		};
/* End PBXGroup section */

/* Begin PBXNativeTarget section */
		1DC5828F1A11D73100FF27FC /* Lesson 3 */ = {
			isa = PBXNativeTarget;
			buildConfigurationList = 1DC582AD1A11D73100FF27FC /* Build configuration list for PBXNativeTarget "Lesson 3" */;
			buildPhases = (
				1DC5828C1A11D73100FF27FC /* Sources */,
				1DC5828D1A11D73100FF27FC /* Frameworks */,
				1DC5828E1A11D73100FF27FC /* Resources */,
			);
			buildRules = (
			);
			dependencies = (
			);
			name = "Lesson 3";
			productName = "Lesson 3";
			productReference = 1DC582901A11D73100FF27FC /* Lesson 3.app */;
			productType = "com.apple.product-type.application";
		};
/* End PBXNativeTarget section */

/* Begin PBXProject section */
		1DC582881A11D73100FF27FC /* Project object */ = {
			isa = PBXProject;
			attributes = {
				LastUpgradeCheck = 0610;
				ORGANIZATIONNAME = "Lucas Derraugh";
				TargetAttributes = {
					1DC5828F1A11D73100FF27FC = {
						CreatedOnToolsVersion = 6.1;
					};
				};
			};
			buildConfigurationList = 1DC5828B1A11D73100FF27FC /* Build configuration list for PBXProject "Lesson 3" */;
			compatibilityVersion = "Xcode 3.2";
			developmentRegion = English;
			hasScannedForEncodings = 0;
			knownRegions = (
				en,
				Base,
			);
			mainGroup = 1DC582871A11D73100FF27FC;
			productRefGroup = 1DC582911A11D73100FF27FC /* Products */;
			projectDirPath = "";
			projectRoot = "";
			targets = (
				1DC5828F1A11D73100FF27FC /* Lesson 3 */,
			);
		};
/* End PBXProject section */

/* Begin PBXResourcesBuildPhase section */
		1DC5828E1A11D73100FF27FC /* Resources */ = {
			isa = PBXResourcesBuildPhase;
			buildActionMask = 2147483647;
			files = (
				1DC5829B1A11D73100FF27FC /* Images.xcassets in Resources */,
				1DC5829E1A11D73100FF27FC /* MainMenu.xib in Resources */,
			);
			runOnlyForDeploymentPostprocessing = 0;
		};
/* End PBXResourcesBuildPhase section */

/* Begin PBXSourcesBuildPhase section */
		1DC5828C1A11D73100FF27FC /* Sources */ = {
			isa = PBXSourcesBuildPhase;
			buildActionMask = 2147483647;
			files = (
				1DC582991A11D73100FF27FC /* main.m in Sources */,
				1DC582971A11D73100FF27FC /* AppDelegate.m in Sources */,
			);
			runOnlyForDeploymentPostprocessing = 0;
		};
/* End PBXSourcesBuildPhase section */

/* Begin PBXVariantGroup section */
		1DC5829C1A11D73100FF27FC /* MainMenu.xib */ = {
			isa = PBXVariantGroup;
			children = (
				1DC5829D1A11D73100FF27FC /* Base */,
			);
			name = MainMenu.xib;
			sourceTree = "<group>";
		};
/* End PBXVariantGroup section */

/* Begin XCBuildConfiguration section */
		1DC582AB1A11D73100FF27FC /* Debug */ = {
			isa = XCBuildConfiguration;
			buildSettings = {
				ALWAYS_SEARCH_USER_PATHS = NO;
				CLANG_CXX_LANGUAGE_STANDARD = "gnu++0x";
				CLANG_CXX_LIBRARY = "libc++";
				CLANG_ENABLE_MODULES = YES;
				CLANG_ENABLE_OBJC_ARC = YES;
				CLANG_WARN_BOOL_CONVERSION = YES;
				CLANG_WARN_CONSTANT_CONVERSION = YES;
				CLANG_WARN_DIRECT_OBJC_ISA_USAGE = YES_ERROR;
				CLANG_WARN_EMPTY_BODY = YES;
				CLANG_WARN_ENUM_CONVERSION = YES;
				CLANG_WARN_INT_CONVERSION = YES;
				CLANG_WARN_OBJC_ROOT_CLASS = YES_ERROR;
				CLANG_WARN_UNREACHABLE_CODE = YES;
				CLANG_WARN__DUPLICATE_METHOD_MATCH = YES;
				CODE_SIGN_IDENTITY = "-";
				COPY_PHASE_STRIP = NO;
				ENABLE_STRICT_OBJC_MSGSEND = YES;
				GCC_C_LANGUAGE_STANDARD = gnu99;
				GCC_DYNAMIC_NO_PIC = NO;
				GCC_OPTIMIZATION_LEVEL = 0;
				GCC_PREPROCESSOR_DEFINITIONS = (
					"DEBUG=1",
					"$(inherited)",
				);
				GCC_SYMBOLS_PRIVATE_EXTERN = NO;
				GCC_WARN_64_TO_32_BIT_CONVERSION = YES;
				GCC_WARN_ABOUT_RETURN_TYPE = YES_ERROR;
				GCC_WARN_UNDECLARED_SELECTOR = YES;
				GCC_WARN_UNINITIALIZED_AUTOS = YES_AGGRESSIVE;
				GCC_WARN_UNUSED_FUNCTION = YES;
				GCC_WARN_UNUSED_VARIABLE = YES;
				MACOSX_DEPLOYMENT_TARGET = 10.10;
				MTL_ENABLE_DEBUG_INFO = YES;
				ONLY_ACTIVE_ARCH = YES;
				SDKROOT = macosx;
			};
			name = Debug;
		};
		1DC582AC1A11D73100FF27FC /* Release */ = {
			isa = XCBuildConfiguration;
			buildSettings = {
				ALWAYS_SEARCH_USER_PATHS = NO;
				CLANG_CXX_LANGUAGE_STANDARD = "gnu++0x";
				CLANG_CXX_LIBRARY = "libc++";
				CLANG_ENABLE_MODULES = YES;
				CLANG_ENABLE_OBJC_ARC = YES;
				CLANG_WARN_BOOL_CONVERSION = YES;
				CLANG_WARN_CONSTANT_CONVERSION = YES;
				CLANG_WARN_DIRECT_OBJC_ISA_USAGE = YES_ERROR;
				CLANG_WARN_EMPTY_BODY = YES;
				CLANG_WARN_ENUM_CONVERSION = YES;
				CLANG_WARN_INT_CONVERSION = YES;
				CLANG_WARN_OBJC_ROOT_CLASS = YES_ERROR;
				CLANG_WARN_UNREACHABLE_CODE = YES;
				CLANG_WARN__DUPLICATE_METHOD_MATCH = YES;
				CODE_SIGN_IDENTITY = "-";
				COPY_PHASE_STRIP = YES;
				DEBUG_INFORMATION_FORMAT = "dwarf-with-dsym";
				ENABLE_NS_ASSERTIONS = NO;
				ENABLE_STRICT_OBJC_MSGSEND = YES;
				GCC_C_LANGUAGE_STANDARD = gnu99;
				GCC_WARN_64_TO_32_BIT_CONVERSION = YES;
				GCC_WARN_ABOUT_RETURN_TYPE = YES_ERROR;
				GCC_WARN_UNDECLARED_SELECTOR = YES;
				GCC_WARN_UNINITIALIZED_AUTOS = YES_AGGRESSIVE;
				GCC_WARN_UNUSED_FUNCTION = YES;
				GCC_WARN_UNUSED_VARIABLE = YES;
				MACOSX_DEPLOYMENT_TARGET = 10.10;
				MTL_ENABLE_DEBUG_INFO = NO;
				SDKROOT = macosx;
			};
			name = Release;
		};
		1DC582AE1A11D73100FF27FC /* Debug */ = {
			isa = XCBuildConfiguration;
			buildSettings = {
				ASSETCATALOG_COMPILER_APPICON_NAME = AppIcon;
				COMBINE_HIDPI_IMAGES = YES;
				INFOPLIST_FILE = "Lesson 3/Info.plist";
				LD_RUNPATH_SEARCH_PATHS = "$(inherited) @executable_path/../Frameworks";
				PRODUCT_NAME = "$(TARGET_NAME)";
			};
			name = Debug;
		};
		1DC582AF1A11D73100FF27FC /* Release */ = {
			isa = XCBuildConfiguration;
			buildSettings = {
				ASSETCATALOG_COMPILER_APPICON_NAME = AppIcon;
				COMBINE_HIDPI_IMAGES = YES;
				INFOPLIST_FILE = "Lesson 3/Info.plist";
				LD_RUNPATH_SEARCH_PATHS = "$(inherited) @executable_path/../Frameworks";
				PRODUCT_NAME = "$(TARGET_NAME)";
			};
			name = Release;
		};
/* End XCBuildConfiguration section */

/* Begin XCConfigurationList section */
		1DC5828B1A11D73100FF27FC /* Build configuration list for PBXProject "Lesson 3" */ = {
			isa = XCConfigurationList;
			buildConfigurations = (
				1DC582AB1A11D73100FF27FC /* Debug */,
				1DC582AC1A11D73100FF27FC /* Release */,
			);
			defaultConfigurationIsVisible = 0;
			defaultConfigurationName = Release;
		};
		1DC582AD1A11D73100FF27FC /* Build configuration list for PBXNativeTarget "Lesson 3" */ = {
			isa = XCConfigurationList;
			buildConfigurations = (
				1DC582AE1A11D73100FF27FC /* Debug */,
				1DC582AF1A11D73100FF27FC /* Release */,
			);
			defaultConfigurationIsVisible = 0;
			defaultConfigurationName = Release;
		};
/* End XCConfigurationList section */
	};
	rootObject = 1DC582881A11D73100FF27FC /* Project object */;
}
